
Microsoft Visual Studio Solution File, Format Version 12.00
# Visual Studio 15
VisualStudioVersion = 15.0.27703.2042
MinimumVisualStudioVersion = 10.0.40219.1
Project("{FAE04EC0-301F-11D3-BF4B-00C04F79EFBC}") = "MonAppAMoi", "MonAppAMoi\MonAppAMoi.csproj", "{EDE90A88-D1EA-4480-A98D-1C1E07D73E1A}"
EndProject
Global
	GlobalSection(SolutionConfigurationPlatforms) = preSolution
		Debug|Any CPU = Debug|Any CPU
		Release|Any CPU = Release|Any CPU
	EndGlobalSection
	GlobalSection(ProjectConfigurationPlatforms) = postSolution
		{EDE90A88-D1EA-4480-A98D-1C1E07D73E1A}.Debug|Any CPU.ActiveCfg = Debug|Any CPU
		{EDE90A88-D1EA-4480-A98D-1C1E07D73E1A}.Debug|Any CPU.Build.0 = Debug|Any CPU
		{EDE90A88-D1EA-4480-A98D-1C1E07D73E1A}.Release|Any CPU.ActiveCfg = Release|Any CPU
		{EDE90A88-D1EA-4480-A98D-1C1E07D73E1A}.Release|Any CPU.Build.0 = Release|Any CPU
	EndGlobalSection
	GlobalSection(SolutionProperties) = preSolution
		HideSolutionNode = FALSE
	EndGlobalSection
	GlobalSection(ExtensibilityGlobals) = postSolution
		SolutionGuid = {11D51A1E-A540-4AD1-9AF3-E611B21A12C3}
	EndGlobalSection
EndGlobal
